
Microsoft Visual Studio Solution File, Format Version 12.00
# Visual Studio 15
VisualStudioVersion = 15.0.27428.2005
MinimumVisualStudioVersion = 10.0.40219.1
Project("{FAE04EC0-301F-11D3-BF4B-00C04F79EFBC}") = "HerosOfTerraria", "HerosOfTerraria.csproj", "{2F113D79-49FD-4C42-A0E5-CBC5F971380E}"
EndProject
Project("{FAE04EC0-301F-11D3-BF4B-00C04F79EFBC}") = "HerosOfTerraria_AttackEffects", "..\HerosOfTerraria_AttackEffects\HerosOfTerraria_AttackEffects.csproj", "{3AF6645F-AD1F-43E1-BABD-66CE8E2370F9}"
EndProject
Project("{FAE04EC0-301F-11D3-BF4B-00C04F79EFBC}") = "HerosOfTerraria_BackupSystem", "..\HerosOfTerraria_BackupSystem\HerosOfTerraria_BackupSystem.csproj", "{2F827479-1A93-4924-BF48-BA302ECD63FF}"
EndProject
Project("{FAE04EC0-301F-11D3-BF4B-00C04F79EFBC}") = "HerosOfTerraria_DefenceEffect", "..\HerosOfTerraria_DefenceEffect\HerosOfTerraria_DefenceEffect.csproj", "{3B237A60-E3A1-41F7-9DC4-354BB2B5294B}"
EndProject
Global
	GlobalSection(SolutionConfigurationPlatforms) = preSolution
		Debug|Any CPU = Debug|Any CPU
		Release|Any CPU = Release|Any CPU
	EndGlobalSection
	GlobalSection(ProjectConfigurationPlatforms) = postSolution
		{2F113D79-49FD-4C42-A0E5-CBC5F971380E}.Debug|Any CPU.ActiveCfg = Debug|Any CPU
		{2F113D79-49FD-4C42-A0E5-CBC5F971380E}.Debug|Any CPU.Build.0 = Debug|Any CPU
		{2F113D79-49FD-4C42-A0E5-CBC5F971380E}.Release|Any CPU.ActiveCfg = Release|Any CPU
		{2F113D79-49FD-4C42-A0E5-CBC5F971380E}.Release|Any CPU.Build.0 = Release|Any CPU
		{3AF6645F-AD1F-43E1-BABD-66CE8E2370F9}.Debug|Any CPU.ActiveCfg = Debug|Any CPU
		{3AF6645F-AD1F-43E1-BABD-66CE8E2370F9}.Debug|Any CPU.Build.0 = Debug|Any CPU
		{3AF6645F-AD1F-43E1-BABD-66CE8E2370F9}.Release|Any CPU.ActiveCfg = Release|Any CPU
		{3AF6645F-AD1F-43E1-BABD-66CE8E2370F9}.Release|Any CPU.Build.0 = Release|Any CPU
		{2F827479-1A93-4924-BF48-BA302ECD63FF}.Debug|Any CPU.ActiveCfg = Debug|Any CPU
		{2F827479-1A93-4924-BF48-BA302ECD63FF}.Debug|Any CPU.Build.0 = Debug|Any CPU
		{2F827479-1A93-4924-BF48-BA302ECD63FF}.Release|Any CPU.ActiveCfg = Release|Any CPU
		{2F827479-1A93-4924-BF48-BA302ECD63FF}.Release|Any CPU.Build.0 = Release|Any CPU
		{3B237A60-E3A1-41F7-9DC4-354BB2B5294B}.Debug|Any CPU.ActiveCfg = Debug|Any CPU
		{3B237A60-E3A1-41F7-9DC4-354BB2B5294B}.Debug|Any CPU.Build.0 = Debug|Any CPU
		{3B237A60-E3A1-41F7-9DC4-354BB2B5294B}.Release|Any CPU.ActiveCfg = Release|Any CPU
		{3B237A60-E3A1-41F7-9DC4-354BB2B5294B}.Release|Any CPU.Build.0 = Release|Any CPU
	EndGlobalSection
	GlobalSection(SolutionProperties) = preSolution
		HideSolutionNode = FALSE
	EndGlobalSection
	GlobalSection(ExtensibilityGlobals) = postSolution
		SolutionGuid = {94E29447-7848-411B-B6FA-AC6757491130}
	EndGlobalSection
EndGlobal
